
Microsoft Visual Studio Solution File, Format Version 12.00
# Visual Studio Version 17
VisualStudioVersion = 17.5.33627.172
MinimumVisualStudioVersion = 10.0.40219.1
Project("{9A19103F-16F7-4668-BE54-9A1E7A4F7556}") = "CustomerService", "CustomerService.csproj", "{9161D3F6-13FF-485C-8AED-E4C04C2554D0}"
EndProject
Global
	GlobalSection(SolutionConfigurationPlatforms) = preSolution
		Debug|Any CPU = Debug|Any CPU
		Release|Any CPU = Release|Any CPU
	EndGlobalSection
	GlobalSection(ProjectConfigurationPlatforms) = postSolution
		{9161D3F6-13FF-485C-8AED-E4C04C2554D0}.Debug|Any CPU.ActiveCfg = Debug|Any CPU
		{9161D3F6-13FF-485C-8AED-E4C04C2554D0}.Debug|Any CPU.Build.0 = Debug|Any CPU
		{9161D3F6-13FF-485C-8AED-E4C04C2554D0}.Release|Any CPU.ActiveCfg = Release|Any CPU
		{9161D3F6-13FF-485C-8AED-E4C04C2554D0}.Release|Any CPU.Build.0 = Release|Any CPU
	EndGlobalSection
	GlobalSection(SolutionProperties) = preSolution
		HideSolutionNode = FALSE
	EndGlobalSection
	GlobalSection(ExtensibilityGlobals) = postSolution
		SolutionGuid = {3EA061D2-8DB4-46E0-B46D-70ABA73B7086}
	EndGlobalSection
EndGlobal
